// !$*UTF8*$!
{
	archiveVersion = 1;
	classes = {
	};
	objectVersion = 50;
	objects = {

/* Begin PBXBuildFile section */
		5B5BACE12230A3F0008A7683 /* pstl_test.cpp in Sources */ = {isa = PBXBuildFile; fileRef = 5B8522DD2135ABED0048744F /* pstl_test.cpp */; };
		5B5BACED2230A4EE008A7683 /* timer_test.cpp in Sources */ = {isa = PBXBuildFile; fileRef = 5B5BACB222309906008A7683 /* timer_test.cpp */; };
		5B5BACF92230A521008A7683 /* pool_test.cpp in Sources */ = {isa = PBXBuildFile; fileRef = 5B5BACB4223099BA008A7683 /* pool_test.cpp */; };
		5B5BAD052230A582008A7683 /* random_test.cpp in Sources */ = {isa = PBXBuildFile; fileRef = 5B5BACB622309A3D008A7683 /* random_test.cpp */; };
/* End PBXBuildFile section */

/* Begin PBXCopyFilesBuildPhase section */
		5B5BACD82230A38F008A7683 /* CopyFiles */ = {
			isa = PBXCopyFilesBuildPhase;
			buildActionMask = 2147483647;
			dstPath = /usr/share/man/man1/;
			dstSubfolderSpec = 0;
			files = (
			);
			runOnlyForDeploymentPostprocessing = 1;
		};
		5B5BACE42230A49D008A7683 /* CopyFiles */ = {
			isa = PBXCopyFilesBuildPhase;
			buildActionMask = 2147483647;
			dstPath = /usr/share/man/man1/;
			dstSubfolderSpec = 0;
			files = (
			);
			runOnlyForDeploymentPostprocessing = 1;
		};
		5B5BACF02230A50E008A7683 /* CopyFiles */ = {
			isa = PBXCopyFilesBuildPhase;
			buildActionMask = 2147483647;
			dstPath = /usr/share/man/man1/;
			dstSubfolderSpec = 0;
			files = (
			);
			runOnlyForDeploymentPostprocessing = 1;
		};
		5B5BACFC2230A557008A7683 /* CopyFiles */ = {
			isa = PBXCopyFilesBuildPhase;
			buildActionMask = 2147483647;
			dstPath = /usr/share/man/man1/;
			dstSubfolderSpec = 0;
			files = (
			);
			runOnlyForDeploymentPostprocessing = 1;
		};
/* End PBXCopyFilesBuildPhase section */

/* Begin PBXFileReference section */
		5B21C85822074112006CFB1D /* queue.hpp */ = {isa = PBXFileReference; fileEncoding = 4; lastKnownFileType = sourcecode.cpp.h; path = queue.hpp; sourceTree = "<group>"; };
		5B21C859220742EC006CFB1D /* semaphore.hpp */ = {isa = PBXFileReference; lastKnownFileType = sourcecode.cpp.h; path = semaphore.hpp; sourceTree = "<group>"; };
		5B4763142208BDD800EE4E20 /* T.hpp */ = {isa = PBXFileReference; lastKnownFileType = sourcecode.cpp.h; path = T.hpp; sourceTree = "<group>"; };
		5B4763152208C19800EE4E20 /* event.hpp */ = {isa = PBXFileReference; lastKnownFileType = sourcecode.cpp.h; path = event.hpp; sourceTree = "<group>"; };
		5B5BACB222309906008A7683 /* timer_test.cpp */ = {isa = PBXFileReference; lastKnownFileType = sourcecode.cpp.cpp; path = timer_test.cpp; sourceTree = "<group>"; };
		5B5BACB4223099BA008A7683 /* pool_test.cpp */ = {isa = PBXFileReference; lastKnownFileType = sourcecode.cpp.cpp; path = pool_test.cpp; sourceTree = "<group>"; };
		5B5BACB622309A3D008A7683 /* random_test.cpp */ = {isa = PBXFileReference; lastKnownFileType = sourcecode.cpp.cpp; path = random_test.cpp; sourceTree = "<group>"; };
		5B5BACDA2230A38F008A7683 /* pstl */ = {isa = PBXFileReference; explicitFileType = "compiled.mach-o.executable"; includeInIndex = 0; path = pstl; sourceTree = BUILT_PRODUCTS_DIR; };
		5B5BACE62230A49D008A7683 /* timer */ = {isa = PBXFileReference; explicitFileType = "compiled.mach-o.executable"; includeInIndex = 0; path = timer; sourceTree = BUILT_PRODUCTS_DIR; };
		5B5BACF22230A50E008A7683 /* pool */ = {isa = PBXFileReference; explicitFileType = "compiled.mach-o.executable"; includeInIndex = 0; path = pool; sourceTree = BUILT_PRODUCTS_DIR; };
		5B5BACFE2230A557008A7683 /* random */ = {isa = PBXFileReference; explicitFileType = "compiled.mach-o.executable"; includeInIndex = 0; path = random; sourceTree = BUILT_PRODUCTS_DIR; };
		5B6616C8222F6136009DD806 /* CMakeLists.txt */ = {isa = PBXFileReference; fileEncoding = 4; lastKnownFileType = text; path = CMakeLists.txt; sourceTree = "<group>"; };
		5B8522DD2135ABED0048744F /* pstl_test.cpp */ = {isa = PBXFileReference; lastKnownFileType = sourcecode.cpp.cpp; path = pstl_test.cpp; sourceTree = "<group>"; };
		5B917BE822027B8900A849D5 /* handle.hpp */ = {isa = PBXFileReference; fileEncoding = 4; lastKnownFileType = sourcecode.cpp.h; path = handle.hpp; sourceTree = "<group>"; };
		5BB0F01C22261454002E6270 /* mutex.hpp */ = {isa = PBXFileReference; lastKnownFileType = sourcecode.cpp.h; path = mutex.hpp; sourceTree = "<group>"; };
		5BBB5616221331B800DD4E46 /* pool.hpp */ = {isa = PBXFileReference; lastKnownFileType = sourcecode.cpp.h; path = pool.hpp; sourceTree = "<group>"; };
		5BBCD7842222D98D009E8CCF /* LICENSE */ = {isa = PBXFileReference; fileEncoding = 4; lastKnownFileType = text; path = LICENSE; sourceTree = "<group>"; };
		5BBCD7852222D98E009E8CCF /* README.md */ = {isa = PBXFileReference; fileEncoding = 4; lastKnownFileType = net.daringfireball.markdown; path = README.md; sourceTree = "<group>"; };
		5BCAE4FD2227445200FDADA2 /* run.sh */ = {isa = PBXFileReference; fileEncoding = 4; lastKnownFileType = text.script.sh; path = run.sh; sourceTree = "<group>"; };
		5BDAA3ED21D8342900CE6375 /* timer.hpp */ = {isa = PBXFileReference; lastKnownFileType = sourcecode.cpp.h; path = timer.hpp; sourceTree = "<group>"; };
		5BFCF95422175231008F2B1F /* trace.hpp */ = {isa = PBXFileReference; lastKnownFileType = sourcecode.cpp.h; path = trace.hpp; sourceTree = "<group>"; };
/* End PBXFileReference section */

/* Begin PBXFrameworksBuildPhase section */
		5B5BACD72230A38F008A7683 /* Frameworks */ = {
			isa = PBXFrameworksBuildPhase;
			buildActionMask = 2147483647;
			files = (
			);
			runOnlyForDeploymentPostprocessing = 0;
		};
		5B5BACE32230A49D008A7683 /* Frameworks */ = {
			isa = PBXFrameworksBuildPhase;
			buildActionMask = 2147483647;
			files = (
			);
			runOnlyForDeploymentPostprocessing = 0;
		};
		5B5BACEF2230A50E008A7683 /* Frameworks */ = {
			isa = PBXFrameworksBuildPhase;
			buildActionMask = 2147483647;
			files = (
			);
			runOnlyForDeploymentPostprocessing = 0;
		};
		5B5BACFB2230A557008A7683 /* Frameworks */ = {
			isa = PBXFrameworksBuildPhase;
			buildActionMask = 2147483647;
			files = (
			);
			runOnlyForDeploymentPostprocessing = 0;
		};
/* End PBXFrameworksBuildPhase section */

/* Begin PBXGroup section */
		5B5BAD062230A602008A7683 /* Main */ = {
			isa = PBXGroup;
			children = (
				5B8522DD2135ABED0048744F /* pstl_test.cpp */,
				5B5BACB222309906008A7683 /* timer_test.cpp */,
				5B5BACB4223099BA008A7683 /* pool_test.cpp */,
				5B5BACB622309A3D008A7683 /* random_test.cpp */,
			);
			name = Main;
			sourceTree = "<group>";
		};
		5B8522D12135ABED0048744F = {
			isa = PBXGroup;
			children = (
				5BCAE4FC2227444100FDADA2 /* Scripts */,
				5BCAE4FB2227443200FDADA2 /* Resources */,
				5BCAE506222744B500FDADA2 /* Source */,
				5B5BAD062230A602008A7683 /* Main */,
				5B5BACDA2230A38F008A7683 /* pstl */,
				5B5BACE62230A49D008A7683 /* timer */,
				5B5BACF22230A50E008A7683 /* pool */,
				5B5BACFE2230A557008A7683 /* random */,
			);
			sourceTree = "<group>";
		};
		5BCAE4FB2227443200FDADA2 /* Resources */ = {
			isa = PBXGroup;
			children = (
				5BBCD7842222D98D009E8CCF /* LICENSE */,
				5BBCD7852222D98E009E8CCF /* README.md */,
			);
			name = Resources;
			sourceTree = "<group>";
		};
		5BCAE4FC2227444100FDADA2 /* Scripts */ = {
			isa = PBXGroup;
			children = (
				5B6616C8222F6136009DD806 /* CMakeLists.txt */,
				5BCAE4FD2227445200FDADA2 /* run.sh */,
			);
			name = Scripts;
			sourceTree = "<group>";
		};
		5BCAE506222744B500FDADA2 /* Source */ = {
			isa = PBXGroup;
			children = (
				5B4763142208BDD800EE4E20 /* T.hpp */,
				5BFCF95422175231008F2B1F /* trace.hpp */,
				5B917BE822027B8900A849D5 /* handle.hpp */,
				5BBB5616221331B800DD4E46 /* pool.hpp */,
				5B21C85822074112006CFB1D /* queue.hpp */,
				5BDAA3ED21D8342900CE6375 /* timer.hpp */,
				5B4763152208C19800EE4E20 /* event.hpp */,
				5BB0F01C22261454002E6270 /* mutex.hpp */,
				5B21C859220742EC006CFB1D /* semaphore.hpp */,
			);
			name = Source;
			sourceTree = "<group>";
		};
/* End PBXGroup section */

/* Begin PBXNativeTarget section */
		5B5BACD92230A38F008A7683 /* pstl */ = {
			isa = PBXNativeTarget;
			buildConfigurationList = 5B5BACDE2230A38F008A7683 /* Build configuration list for PBXNativeTarget "pstl" */;
			buildPhases = (
				5B5BACD62230A38F008A7683 /* Sources */,
				5B5BACD72230A38F008A7683 /* Frameworks */,
				5B5BACD82230A38F008A7683 /* CopyFiles */,
			);
			buildRules = (
			);
			dependencies = (
			);
			name = pstl;
			productName = pstl;
			productReference = 5B5BACDA2230A38F008A7683 /* pstl */;
			productType = "com.apple.product-type.tool";
		};
		5B5BACE52230A49D008A7683 /* timer */ = {
			isa = PBXNativeTarget;
			buildConfigurationList = 5B5BACEA2230A49D008A7683 /* Build configuration list for PBXNativeTarget "timer" */;
			buildPhases = (
				5B5BACE22230A49D008A7683 /* Sources */,
				5B5BACE32230A49D008A7683 /* Frameworks */,
				5B5BACE42230A49D008A7683 /* CopyFiles */,
			);
			buildRules = (
			);
			dependencies = (
			);
			name = timer;
			productName = timer;
			productReference = 5B5BACE62230A49D008A7683 /* timer */;
			productType = "com.apple.product-type.tool";
		};
		5B5BACF12230A50E008A7683 /* pool */ = {
			isa = PBXNativeTarget;
			buildConfigurationList = 5B5BACF62230A50E008A7683 /* Build configuration list for PBXNativeTarget "pool" */;
			buildPhases = (
				5B5BACEE2230A50E008A7683 /* Sources */,
				5B5BACEF2230A50E008A7683 /* Frameworks */,
				5B5BACF02230A50E008A7683 /* CopyFiles */,
			);
			buildRules = (
			);
			dependencies = (
			);
			name = pool;
			productName = pool;
			productReference = 5B5BACF22230A50E008A7683 /* pool */;
			productType = "com.apple.product-type.tool";
		};
		5B5BACFD2230A557008A7683 /* random */ = {
			isa = PBXNativeTarget;
			buildConfigurationList = 5B5BAD022230A558008A7683 /* Build configuration list for PBXNativeTarget "random" */;
			buildPhases = (
				5B5BACFA2230A557008A7683 /* Sources */,
				5B5BACFB2230A557008A7683 /* Frameworks */,
				5B5BACFC2230A557008A7683 /* CopyFiles */,
			);
			buildRules = (
			);
			dependencies = (
			);
			name = random;
			productName = random;
			productReference = 5B5BACFE2230A557008A7683 /* random */;
			productType = "com.apple.product-type.tool";
		};
/* End PBXNativeTarget section */

/* Begin PBXProject section */
		5B8522D22135ABED0048744F /* Project object */ = {
			isa = PBXProject;
			attributes = {
				LastUpgradeCheck = 0940;
				ORGANIZATIONNAME = none;
				TargetAttributes = {
					5B5BACD92230A38F008A7683 = {
						CreatedOnToolsVersion = 10.1;
					};
					5B5BACE52230A49D008A7683 = {
						CreatedOnToolsVersion = 10.1;
					};
					5B5BACF12230A50E008A7683 = {
						CreatedOnToolsVersion = 10.1;
					};
					5B5BACFD2230A557008A7683 = {
						CreatedOnToolsVersion = 10.1;
					};
				};
			};
			buildConfigurationList = 5B8522D52135ABED0048744F /* Build configuration list for PBXProject "blog" */;
			compatibilityVersion = "Xcode 9.3";
			developmentRegion = en;
			hasScannedForEncodings = 0;
			knownRegions = (
				en,
			);
			mainGroup = 5B8522D12135ABED0048744F;
			productRefGroup = 5B8522D12135ABED0048744F;
			projectDirPath = "";
			projectRoot = "";
			targets = (
				5B5BACD92230A38F008A7683 /* pstl */,
				5B5BACE52230A49D008A7683 /* timer */,
				5B5BACF12230A50E008A7683 /* pool */,
				5B5BACFD2230A557008A7683 /* random */,
			);
		};
/* End PBXProject section */

/* Begin PBXSourcesBuildPhase section */
		5B5BACD62230A38F008A7683 /* Sources */ = {
			isa = PBXSourcesBuildPhase;
			buildActionMask = 2147483647;
			files = (
				5B5BACE12230A3F0008A7683 /* pstl_test.cpp in Sources */,
			);
			runOnlyForDeploymentPostprocessing = 0;
		};
		5B5BACE22230A49D008A7683 /* Sources */ = {
			isa = PBXSourcesBuildPhase;
			buildActionMask = 2147483647;
			files = (
				5B5BACED2230A4EE008A7683 /* timer_test.cpp in Sources */,
			);
			runOnlyForDeploymentPostprocessing = 0;
		};
		5B5BACEE2230A50E008A7683 /* Sources */ = {
			isa = PBXSourcesBuildPhase;
			buildActionMask = 2147483647;
			files = (
				5B5BACF92230A521008A7683 /* pool_test.cpp in Sources */,
			);
			runOnlyForDeploymentPostprocessing = 0;
		};
		5B5BACFA2230A557008A7683 /* Sources */ = {
			isa = PBXSourcesBuildPhase;
			buildActionMask = 2147483647;
			files = (
				5B5BAD052230A582008A7683 /* random_test.cpp in Sources */,
			);
			runOnlyForDeploymentPostprocessing = 0;
		};
/* End PBXSourcesBuildPhase section */

/* Begin XCBuildConfiguration section */
		5B5BACDF2230A38F008A7683 /* Debug */ = {
			isa = XCBuildConfiguration;
			buildSettings = {
				CLANG_CXX_LANGUAGE_STANDARD = "c++17";
				CODE_SIGN_IDENTITY = "Mac Developer";
				CODE_SIGN_STYLE = Automatic;
				DEVELOPMENT_TEAM = RAYA24ULKQ;
				HEADER_SEARCH_PATHS = /usr/local/include;
				LIBRARY_SEARCH_PATHS = /usr/local/lib;
				MACOSX_DEPLOYMENT_TARGET = 10.14;
				MTL_ENABLE_DEBUG_INFO = INCLUDE_SOURCE;
				MTL_FAST_MATH = YES;
				OTHER_LDFLAGS = "-ltbb";
				PRODUCT_NAME = "$(TARGET_NAME)";
				VALID_ARCHS = x86_64;
			};
			name = Debug;
		};
		5B5BACE02230A38F008A7683 /* Release */ = {
			isa = XCBuildConfiguration;
			buildSettings = {
				CLANG_CXX_LANGUAGE_STANDARD = "c++17";
				CODE_SIGN_IDENTITY = "Mac Developer";
				CODE_SIGN_STYLE = Automatic;
				DEVELOPMENT_TEAM = RAYA24ULKQ;
				HEADER_SEARCH_PATHS = /usr/local/include;
				LIBRARY_SEARCH_PATHS = /usr/local/lib;
				MACOSX_DEPLOYMENT_TARGET = 10.14;
				MTL_FAST_MATH = YES;
				OTHER_LDFLAGS = "-ltbb";
				PRODUCT_NAME = "$(TARGET_NAME)";
				VALID_ARCHS = x86_64;
			};
			name = Release;
		};
		5B5BACEB2230A49D008A7683 /* Debug */ = {
			isa = XCBuildConfiguration;
			buildSettings = {
				CLANG_CXX_LANGUAGE_STANDARD = "c++17";
				CODE_SIGN_IDENTITY = "Mac Developer";
				CODE_SIGN_STYLE = Automatic;
				DEVELOPMENT_TEAM = RAYA24ULKQ;
				MACOSX_DEPLOYMENT_TARGET = 10.14;
				MTL_ENABLE_DEBUG_INFO = INCLUDE_SOURCE;
				MTL_FAST_MATH = YES;
				PRODUCT_NAME = "$(TARGET_NAME)";
				VALID_ARCHS = x86_64;
			};
			name = Debug;
		};
		5B5BACEC2230A49D008A7683 /* Release */ = {
			isa = XCBuildConfiguration;
			buildSettings = {
				CLANG_CXX_LANGUAGE_STANDARD = "c++17";
				CODE_SIGN_IDENTITY = "Mac Developer";
				CODE_SIGN_STYLE = Automatic;
				DEVELOPMENT_TEAM = RAYA24ULKQ;
				MACOSX_DEPLOYMENT_TARGET = 10.14;
				MTL_FAST_MATH = YES;
				PRODUCT_NAME = "$(TARGET_NAME)";
				VALID_ARCHS = x86_64;
			};
			name = Release;
		};
		5B5BACF72230A50E008A7683 /* Debug */ = {
			isa = XCBuildConfiguration;
			buildSettings = {
				CLANG_CXX_LANGUAGE_STANDARD = "c++17";
				CODE_SIGN_IDENTITY = "Mac Developer";
				CODE_SIGN_STYLE = Automatic;
				DEVELOPMENT_TEAM = RAYA24ULKQ;
				MACOSX_DEPLOYMENT_TARGET = 10.14;
				MTL_ENABLE_DEBUG_INFO = INCLUDE_SOURCE;
				MTL_FAST_MATH = YES;
				PRODUCT_NAME = "$(TARGET_NAME)";
				VALID_ARCHS = x86_64;
			};
			name = Debug;
		};
		5B5BACF82230A50E008A7683 /* Release */ = {
			isa = XCBuildConfiguration;
			buildSettings = {
				CLANG_CXX_LANGUAGE_STANDARD = "c++17";
				CODE_SIGN_IDENTITY = "Mac Developer";
				CODE_SIGN_STYLE = Automatic;
				DEVELOPMENT_TEAM = RAYA24ULKQ;
				MACOSX_DEPLOYMENT_TARGET = 10.14;
				MTL_FAST_MATH = YES;
				PRODUCT_NAME = "$(TARGET_NAME)";
				VALID_ARCHS = x86_64;
			};
			name = Release;
		};
		5B5BAD032230A558008A7683 /* Debug */ = {
			isa = XCBuildConfiguration;
			buildSettings = {
				CLANG_CXX_LANGUAGE_STANDARD = "c++17";
				CODE_SIGN_IDENTITY = "Mac Developer";
				CODE_SIGN_STYLE = Automatic;
				DEVELOPMENT_TEAM = RAYA24ULKQ;
				MACOSX_DEPLOYMENT_TARGET = 10.14;
				MTL_ENABLE_DEBUG_INFO = INCLUDE_SOURCE;
				MTL_FAST_MATH = YES;
				PRODUCT_NAME = "$(TARGET_NAME)";
				VALID_ARCHS = x86_64;
			};
			name = Debug;
		};
		5B5BAD042230A558008A7683 /* Release */ = {
			isa = XCBuildConfiguration;
			buildSettings = {
				CLANG_CXX_LANGUAGE_STANDARD = "c++17";
				CODE_SIGN_IDENTITY = "Mac Developer";
				CODE_SIGN_STYLE = Automatic;
				DEVELOPMENT_TEAM = RAYA24ULKQ;
				MACOSX_DEPLOYMENT_TARGET = 10.14;
				MTL_FAST_MATH = YES;
				PRODUCT_NAME = "$(TARGET_NAME)";
				VALID_ARCHS = x86_64;
			};
			name = Release;
		};
		5B8522DF2135ABED0048744F /* Debug */ = {
			isa = XCBuildConfiguration;
			buildSettings = {
				ALWAYS_SEARCH_USER_PATHS = NO;
				CLANG_ANALYZER_NONNULL = YES;
				CLANG_ANALYZER_NUMBER_OBJECT_CONVERSION = YES_AGGRESSIVE;
				CLANG_CXX_LANGUAGE_STANDARD = "c++17";
				CLANG_CXX_LIBRARY = "libc++";
				CLANG_ENABLE_MODULES = YES;
				CLANG_ENABLE_OBJC_ARC = YES;
				CLANG_ENABLE_OBJC_WEAK = YES;
				CLANG_WARN_BLOCK_CAPTURE_AUTORELEASING = YES;
				CLANG_WARN_BOOL_CONVERSION = YES;
				CLANG_WARN_COMMA = YES;
				CLANG_WARN_CONSTANT_CONVERSION = YES;
				CLANG_WARN_DEPRECATED_OBJC_IMPLEMENTATIONS = YES;
				CLANG_WARN_DIRECT_OBJC_ISA_USAGE = YES_ERROR;
				CLANG_WARN_DOCUMENTATION_COMMENTS = YES;
				CLANG_WARN_EMPTY_BODY = YES;
				CLANG_WARN_ENUM_CONVERSION = YES;
				CLANG_WARN_INFINITE_RECURSION = YES;
				CLANG_WARN_INT_CONVERSION = YES;
				CLANG_WARN_NON_LITERAL_NULL_CONVERSION = YES;
				CLANG_WARN_OBJC_IMPLICIT_RETAIN_SELF = YES;
				CLANG_WARN_OBJC_LITERAL_CONVERSION = YES;
				CLANG_WARN_OBJC_ROOT_CLASS = YES_ERROR;
				CLANG_WARN_RANGE_LOOP_ANALYSIS = YES;
				CLANG_WARN_STRICT_PROTOTYPES = YES;
				CLANG_WARN_SUSPICIOUS_MOVE = YES;
				CLANG_WARN_UNGUARDED_AVAILABILITY = YES_AGGRESSIVE;
				CLANG_WARN_UNREACHABLE_CODE = YES;
				CLANG_WARN__DUPLICATE_METHOD_MATCH = YES;
				CODE_SIGN_IDENTITY = "-";
				COPY_PHASE_STRIP = NO;
				DEBUG_INFORMATION_FORMAT = dwarf;
				ENABLE_STRICT_OBJC_MSGSEND = YES;
				ENABLE_TESTABILITY = YES;
				GCC_C_LANGUAGE_STANDARD = gnu11;
				GCC_DYNAMIC_NO_PIC = NO;
				GCC_NO_COMMON_BLOCKS = YES;
				GCC_OPTIMIZATION_LEVEL = 0;
				GCC_PREPROCESSOR_DEFINITIONS = (
					"DEBUG=1",
					"$(inherited)",
				);
				GCC_WARN_64_TO_32_BIT_CONVERSION = YES;
				GCC_WARN_ABOUT_RETURN_TYPE = YES_ERROR;
				GCC_WARN_UNDECLARED_SELECTOR = YES;
				GCC_WARN_UNINITIALIZED_AUTOS = YES_AGGRESSIVE;
				GCC_WARN_UNUSED_FUNCTION = YES;
				GCC_WARN_UNUSED_VARIABLE = YES;
				MACOSX_DEPLOYMENT_TARGET = 10.13;
				MTL_ENABLE_DEBUG_INFO = YES;
				ONLY_ACTIVE_ARCH = YES;
				SDKROOT = macosx;
				VALID_ARCHS = x86_64;
			};
			name = Debug;
		};
		5B8522E02135ABED0048744F /* Release */ = {
			isa = XCBuildConfiguration;
			buildSettings = {
				ALWAYS_SEARCH_USER_PATHS = NO;
				CLANG_ANALYZER_NONNULL = YES;
				CLANG_ANALYZER_NUMBER_OBJECT_CONVERSION = YES_AGGRESSIVE;
				CLANG_CXX_LANGUAGE_STANDARD = "c++17";
				CLANG_CXX_LIBRARY = "libc++";
				CLANG_ENABLE_MODULES = YES;
				CLANG_ENABLE_OBJC_ARC = YES;
				CLANG_ENABLE_OBJC_WEAK = YES;
				CLANG_WARN_BLOCK_CAPTURE_AUTORELEASING = YES;
				CLANG_WARN_BOOL_CONVERSION = YES;
				CLANG_WARN_COMMA = YES;
				CLANG_WARN_CONSTANT_CONVERSION = YES;
				CLANG_WARN_DEPRECATED_OBJC_IMPLEMENTATIONS = YES;
				CLANG_WARN_DIRECT_OBJC_ISA_USAGE = YES_ERROR;
				CLANG_WARN_DOCUMENTATION_COMMENTS = YES;
				CLANG_WARN_EMPTY_BODY = YES;
				CLANG_WARN_ENUM_CONVERSION = YES;
				CLANG_WARN_INFINITE_RECURSION = YES;
				CLANG_WARN_INT_CONVERSION = YES;
				CLANG_WARN_NON_LITERAL_NULL_CONVERSION = YES;
				CLANG_WARN_OBJC_IMPLICIT_RETAIN_SELF = YES;
				CLANG_WARN_OBJC_LITERAL_CONVERSION = YES;
				CLANG_WARN_OBJC_ROOT_CLASS = YES_ERROR;
				CLANG_WARN_RANGE_LOOP_ANALYSIS = YES;
				CLANG_WARN_STRICT_PROTOTYPES = YES;
				CLANG_WARN_SUSPICIOUS_MOVE = YES;
				CLANG_WARN_UNGUARDED_AVAILABILITY = YES_AGGRESSIVE;
				CLANG_WARN_UNREACHABLE_CODE = YES;
				CLANG_WARN__DUPLICATE_METHOD_MATCH = YES;
				CODE_SIGN_IDENTITY = "-";
				COPY_PHASE_STRIP = NO;
				DEBUG_INFORMATION_FORMAT = "dwarf-with-dsym";
				ENABLE_NS_ASSERTIONS = NO;
				ENABLE_STRICT_OBJC_MSGSEND = YES;
				GCC_C_LANGUAGE_STANDARD = gnu11;
				GCC_NO_COMMON_BLOCKS = YES;
				GCC_WARN_64_TO_32_BIT_CONVERSION = YES;
				GCC_WARN_ABOUT_RETURN_TYPE = YES_ERROR;
				GCC_WARN_UNDECLARED_SELECTOR = YES;
				GCC_WARN_UNINITIALIZED_AUTOS = YES_AGGRESSIVE;
				GCC_WARN_UNUSED_FUNCTION = YES;
				GCC_WARN_UNUSED_VARIABLE = YES;
				MACOSX_DEPLOYMENT_TARGET = 10.13;
				MTL_ENABLE_DEBUG_INFO = NO;
				SDKROOT = macosx;
				VALID_ARCHS = x86_64;
			};
			name = Release;
		};
/* End XCBuildConfiguration section */

/* Begin XCConfigurationList section */
		5B5BACDE2230A38F008A7683 /* Build configuration list for PBXNativeTarget "pstl" */ = {
			isa = XCConfigurationList;
			buildConfigurations = (
				5B5BACDF2230A38F008A7683 /* Debug */,
				5B5BACE02230A38F008A7683 /* Release */,
			);
			defaultConfigurationIsVisible = 0;
			defaultConfigurationName = Release;
		};
		5B5BACEA2230A49D008A7683 /* Build configuration list for PBXNativeTarget "timer" */ = {
			isa = XCConfigurationList;
			buildConfigurations = (
				5B5BACEB2230A49D008A7683 /* Debug */,
				5B5BACEC2230A49D008A7683 /* Release */,
			);
			defaultConfigurationIsVisible = 0;
			defaultConfigurationName = Release;
		};
		5B5BACF62230A50E008A7683 /* Build configuration list for PBXNativeTarget "pool" */ = {
			isa = XCConfigurationList;
			buildConfigurations = (
				5B5BACF72230A50E008A7683 /* Debug */,
				5B5BACF82230A50E008A7683 /* Release */,
			);
			defaultConfigurationIsVisible = 0;
			defaultConfigurationName = Release;
		};
		5B5BAD022230A558008A7683 /* Build configuration list for PBXNativeTarget "random" */ = {
			isa = XCConfigurationList;
			buildConfigurations = (
				5B5BAD032230A558008A7683 /* Debug */,
				5B5BAD042230A558008A7683 /* Release */,
			);
			defaultConfigurationIsVisible = 0;
			defaultConfigurationName = Release;
		};
		5B8522D52135ABED0048744F /* Build configuration list for PBXProject "blog" */ = {
			isa = XCConfigurationList;
			buildConfigurations = (
				5B8522DF2135ABED0048744F /* Debug */,
				5B8522E02135ABED0048744F /* Release */,
			);
			defaultConfigurationIsVisible = 0;
			defaultConfigurationName = Release;
		};
/* End XCConfigurationList section */
	};
	rootObject = 5B8522D22135ABED0048744F /* Project object */;
}
